
Microsoft Visual Studio Solution File, Format Version 12.00
# Visual Studio Version 17
VisualStudioVersion = 17.5.33414.496
MinimumVisualStudioVersion = 10.0.40219.1
Project("{FAE04EC0-301F-11D3-BF4B-00C04F79EFBC}") = "LLTAndLNLT", "LLTAndLNLT\LLTAndLNLT.csproj", "{279B9BAA-C54E-4381-B0F1-0D1923C1B69E}"
EndProject
Global
	GlobalSection(SolutionConfigurationPlatforms) = preSolution
		Debug|Any CPU = Debug|Any CPU
		Release|Any CPU = Release|Any CPU
	EndGlobalSection
	GlobalSection(ProjectConfigurationPlatforms) = postSolution
		{279B9BAA-C54E-4381-B0F1-0D1923C1B69E}.Debug|Any CPU.ActiveCfg = Debug|Any CPU
		{279B9BAA-C54E-4381-B0F1-0D1923C1B69E}.Debug|Any CPU.Build.0 = Debug|Any CPU
		{279B9BAA-C54E-4381-B0F1-0D1923C1B69E}.Release|Any CPU.ActiveCfg = Release|Any CPU
		{279B9BAA-C54E-4381-B0F1-0D1923C1B69E}.Release|Any CPU.Build.0 = Release|Any CPU
	EndGlobalSection
	GlobalSection(SolutionProperties) = preSolution
		HideSolutionNode = FALSE
	EndGlobalSection
	GlobalSection(ExtensibilityGlobals) = postSolution
		SolutionGuid = {2646641F-B529-4A4C-BB05-0A6121502453}
	EndGlobalSection
EndGlobal
